
Microsoft Visual Studio Solution File, Format Version 12.00
# Visual Studio Version 16
VisualStudioVersion = 16.0.30611.23
MinimumVisualStudioVersion = 10.0.40219.1
Project("{FAE04EC0-301F-11D3-BF4B-00C04F79EFBC}") = "AzureStorage.Patterns", "AzureStorage.Patterns\AzureStorage.Patterns.csproj", "{16E1C482-D8DE-4271-ABCA-B02478E5DB5A}"
EndProject
Global
	GlobalSection(SolutionConfigurationPlatforms) = preSolution
		Debug|Any CPU = Debug|Any CPU
		Release|Any CPU = Release|Any CPU
	EndGlobalSection
	GlobalSection(ProjectConfigurationPlatforms) = postSolution
		{16E1C482-D8DE-4271-ABCA-B02478E5DB5A}.Debug|Any CPU.ActiveCfg = Debug|Any CPU
		{16E1C482-D8DE-4271-ABCA-B02478E5DB5A}.Debug|Any CPU.Build.0 = Debug|Any CPU
		{16E1C482-D8DE-4271-ABCA-B02478E5DB5A}.Release|Any CPU.ActiveCfg = Release|Any CPU
		{16E1C482-D8DE-4271-ABCA-B02478E5DB5A}.Release|Any CPU.Build.0 = Release|Any CPU
	EndGlobalSection
	GlobalSection(SolutionProperties) = preSolution
		HideSolutionNode = FALSE
	EndGlobalSection
	GlobalSection(ExtensibilityGlobals) = postSolution
		SolutionGuid = {6D3C1072-D066-4111-9C53-A1C2549E0615}
	EndGlobalSection
EndGlobal
